
Microsoft Visual Studio Solution File, Format Version 12.00
# Visual Studio 15
VisualStudioVersion = 15.0.28307.572
MinimumVisualStudioVersion = 10.0.40219.1
Project("{FAE04EC0-301F-11D3-BF4B-00C04F79EFBC}") = "Vernizze.Infra.ApplicationHandler", "Vernizze.Infra.ApplicationHandler\Vernizze.Infra.ApplicationHandler.csproj", "{2365B7C5-5C33-454B-9D7D-5858F875A5C7}"
EndProject
Project("{2150E333-8FDC-42A3-9474-1A3956D46DE8}") = "Infra", "Infra", "{751EA115-229D-4CAB-BBEE-FB401D8BEEC8}"
EndProject
Project("{2150E333-8FDC-42A3-9474-1A3956D46DE8}") = "Crosscutting", "Crosscutting", "{7C6B7CB3-E980-413A-8B4B-350C8504F7FC}"
EndProject
Project("{9A19103F-16F7-4668-BE54-9A1E7A4F7556}") = "Vernizze.Infra.Crosscutting", "..\Vernizze.Infra.Crosscutting\Vernizze.Infra.Crosscutting\Vernizze.Infra.Crosscutting.csproj", "{F9A4E3F9-9336-4F96-AD6B-2080BEB89956}"
EndProject
Global
	GlobalSection(SolutionConfigurationPlatforms) = preSolution
		Debug|Any CPU = Debug|Any CPU
		Release|Any CPU = Release|Any CPU
	EndGlobalSection
	GlobalSection(ProjectConfigurationPlatforms) = postSolution
		{2365B7C5-5C33-454B-9D7D-5858F875A5C7}.Debug|Any CPU.ActiveCfg = Debug|Any CPU
		{2365B7C5-5C33-454B-9D7D-5858F875A5C7}.Debug|Any CPU.Build.0 = Debug|Any CPU
		{2365B7C5-5C33-454B-9D7D-5858F875A5C7}.Release|Any CPU.ActiveCfg = Release|Any CPU
		{2365B7C5-5C33-454B-9D7D-5858F875A5C7}.Release|Any CPU.Build.0 = Release|Any CPU
		{F9A4E3F9-9336-4F96-AD6B-2080BEB89956}.Debug|Any CPU.ActiveCfg = Debug|Any CPU
		{F9A4E3F9-9336-4F96-AD6B-2080BEB89956}.Debug|Any CPU.Build.0 = Debug|Any CPU
		{F9A4E3F9-9336-4F96-AD6B-2080BEB89956}.Release|Any CPU.ActiveCfg = Release|Any CPU
		{F9A4E3F9-9336-4F96-AD6B-2080BEB89956}.Release|Any CPU.Build.0 = Release|Any CPU
	EndGlobalSection
	GlobalSection(SolutionProperties) = preSolution
		HideSolutionNode = FALSE
	EndGlobalSection
	GlobalSection(NestedProjects) = preSolution
		{7C6B7CB3-E980-413A-8B4B-350C8504F7FC} = {751EA115-229D-4CAB-BBEE-FB401D8BEEC8}
		{F9A4E3F9-9336-4F96-AD6B-2080BEB89956} = {7C6B7CB3-E980-413A-8B4B-350C8504F7FC}
	EndGlobalSection
	GlobalSection(ExtensibilityGlobals) = postSolution
		SolutionGuid = {E4950CE8-23C2-40B1-BC76-46825A668910}
	EndGlobalSection
EndGlobal
